
Microsoft Visual Studio Solution File, Format Version 12.00
# Visual Studio Version 17
VisualStudioVersion = 17.10.34916.146
MinimumVisualStudioVersion = 10.0.40219.1
Project("{FAE04EC0-301F-11D3-BF4B-00C04F79EFBC}") = "PDFFunction", "PDFFunction.csproj", "{46C557B7-C956-4379-A673-ABF94B4DD451}"
EndProject
Global
	GlobalSection(SolutionConfigurationPlatforms) = preSolution
		Debug|Any CPU = Debug|Any CPU
		Release|Any CPU = Release|Any CPU
	EndGlobalSection
	GlobalSection(ProjectConfigurationPlatforms) = postSolution
		{46C557B7-C956-4379-A673-ABF94B4DD451}.Debug|Any CPU.ActiveCfg = Debug|Any CPU
		{46C557B7-C956-4379-A673-ABF94B4DD451}.Debug|Any CPU.Build.0 = Debug|Any CPU
		{46C557B7-C956-4379-A673-ABF94B4DD451}.Release|Any CPU.ActiveCfg = Release|Any CPU
		{46C557B7-C956-4379-A673-ABF94B4DD451}.Release|Any CPU.Build.0 = Release|Any CPU
	EndGlobalSection
	GlobalSection(SolutionProperties) = preSolution
		HideSolutionNode = FALSE
	EndGlobalSection
	GlobalSection(ExtensibilityGlobals) = postSolution
		SolutionGuid = {744355B6-1998-4642-A74D-67A2F6EF7F9A}
	EndGlobalSection
EndGlobal
